
Microsoft Visual Studio Solution File, Format Version 12.00
# Visual Studio Version 17
Project("{2150E333-8FDC-42A3-9474-1A3956D46DE8}") = "CMake", "CMake", "{20BC9BFC-0624-3012-9AE7-ABDF93618CCB}"
EndProject
Project("{2150E333-8FDC-42A3-9474-1A3956D46DE8}") = "SFML", "SFML", "{26338C87-2CBA-3CC9-AB40-3912586ABF88}"
EndProject
Project("{8BC9CEB8-8B4A-11D0-8D11-00A0C91BC942}") = "ALL_BUILD", "ALL_BUILD.vcxproj", "{C8CCBA47-89F3-334D-B4E6-691F0DEF06FD}"
	ProjectSection(ProjectDependencies) = postProject
		{0D7574AF-7EA3-3715-9AEF-0C0A9296DF58} = {0D7574AF-7EA3-3715-9AEF-0C0A9296DF58}
		{5185789A-1634-3EB6-91AE-72D9CFA59750} = {5185789A-1634-3EB6-91AE-72D9CFA59750}
		{4A95533F-F1A8-3160-9C83-83ABFBD29D9D} = {4A95533F-F1A8-3160-9C83-83ABFBD29D9D}
		{3750FCC1-B1EA-3BDE-802E-90F154831071} = {3750FCC1-B1EA-3BDE-802E-90F154831071}
		{E6B8BE85-C73E-3668-90B1-B28C01B2A138} = {E6B8BE85-C73E-3668-90B1-B28C01B2A138}
		{ABA03E39-A25D-3F7E-BBA4-B0D060FC397B} = {ABA03E39-A25D-3F7E-BBA4-B0D060FC397B}
		{D56508BA-3657-305F-9122-F88D31A7C9A4} = {D56508BA-3657-305F-9122-F88D31A7C9A4}
		{3354A4E8-CF45-36DB-A7E2-6D6A232C1EEC} = {3354A4E8-CF45-36DB-A7E2-6D6A232C1EEC}
	EndProjectSection
EndProject
Project("{8BC9CEB8-8B4A-11D0-8D11-00A0C91BC942}") = "INSTALL", "INSTALL.vcxproj", "{6CC55BDF-710A-35CA-A1A5-2AE68C342659}"
	ProjectSection(ProjectDependencies) = postProject
		{C8CCBA47-89F3-334D-B4E6-691F0DEF06FD} = {C8CCBA47-89F3-334D-B4E6-691F0DEF06FD}
		{5185789A-1634-3EB6-91AE-72D9CFA59750} = {5185789A-1634-3EB6-91AE-72D9CFA59750}
	EndProjectSection
EndProject
Project("{8BC9CEB8-8B4A-11D0-8D11-00A0C91BC942}") = "PACKAGE", "PACKAGE.vcxproj", "{28D6869D-EA87-3149-B20E-3F0776628473}"
	ProjectSection(ProjectDependencies) = postProject
		{C8CCBA47-89F3-334D-B4E6-691F0DEF06FD} = {C8CCBA47-89F3-334D-B4E6-691F0DEF06FD}
		{5185789A-1634-3EB6-91AE-72D9CFA59750} = {5185789A-1634-3EB6-91AE-72D9CFA59750}
	EndProjectSection
EndProject
Project("{8BC9CEB8-8B4A-11D0-8D11-00A0C91BC942}") = "PRACTICAL_1", "PRACTICAL_1.vcxproj", "{0D7574AF-7EA3-3715-9AEF-0C0A9296DF58}"
	ProjectSection(ProjectDependencies) = postProject
		{5185789A-1634-3EB6-91AE-72D9CFA59750} = {5185789A-1634-3EB6-91AE-72D9CFA59750}
		{3750FCC1-B1EA-3BDE-802E-90F154831071} = {3750FCC1-B1EA-3BDE-802E-90F154831071}
		{D56508BA-3657-305F-9122-F88D31A7C9A4} = {D56508BA-3657-305F-9122-F88D31A7C9A4}
		{3354A4E8-CF45-36DB-A7E2-6D6A232C1EEC} = {3354A4E8-CF45-36DB-A7E2-6D6A232C1EEC}
	EndProjectSection
EndProject
Project("{8BC9CEB8-8B4A-11D0-8D11-00A0C91BC942}") = "ZERO_CHECK", "ZERO_CHECK.vcxproj", "{5185789A-1634-3EB6-91AE-72D9CFA59750}"
	ProjectSection(ProjectDependencies) = postProject
	EndProjectSection
EndProject
Project("{8BC9CEB8-8B4A-11D0-8D11-00A0C91BC942}") = "sfml-audio", "lib\sfml\src\SFML\Audio\sfml-audio.vcxproj", "{4A95533F-F1A8-3160-9C83-83ABFBD29D9D}"
	ProjectSection(ProjectDependencies) = postProject
		{5185789A-1634-3EB6-91AE-72D9CFA59750} = {5185789A-1634-3EB6-91AE-72D9CFA59750}
		{D56508BA-3657-305F-9122-F88D31A7C9A4} = {D56508BA-3657-305F-9122-F88D31A7C9A4}
	EndProjectSection
EndProject
Project("{8BC9CEB8-8B4A-11D0-8D11-00A0C91BC942}") = "sfml-graphics", "lib\sfml\src\SFML\Graphics\sfml-graphics.vcxproj", "{3750FCC1-B1EA-3BDE-802E-90F154831071}"
	ProjectSection(ProjectDependencies) = postProject
		{5185789A-1634-3EB6-91AE-72D9CFA59750} = {5185789A-1634-3EB6-91AE-72D9CFA59750}
		{D56508BA-3657-305F-9122-F88D31A7C9A4} = {D56508BA-3657-305F-9122-F88D31A7C9A4}
		{3354A4E8-CF45-36DB-A7E2-6D6A232C1EEC} = {3354A4E8-CF45-36DB-A7E2-6D6A232C1EEC}
	EndProjectSection
EndProject
Project("{8BC9CEB8-8B4A-11D0-8D11-00A0C91BC942}") = "sfml-main", "lib\sfml\src\SFML\Main\sfml-main.vcxproj", "{E6B8BE85-C73E-3668-90B1-B28C01B2A138}"
	ProjectSection(ProjectDependencies) = postProject
		{5185789A-1634-3EB6-91AE-72D9CFA59750} = {5185789A-1634-3EB6-91AE-72D9CFA59750}
	EndProjectSection
EndProject
Project("{8BC9CEB8-8B4A-11D0-8D11-00A0C91BC942}") = "sfml-network", "lib\sfml\src\SFML\Network\sfml-network.vcxproj", "{ABA03E39-A25D-3F7E-BBA4-B0D060FC397B}"
	ProjectSection(ProjectDependencies) = postProject
		{5185789A-1634-3EB6-91AE-72D9CFA59750} = {5185789A-1634-3EB6-91AE-72D9CFA59750}
		{D56508BA-3657-305F-9122-F88D31A7C9A4} = {D56508BA-3657-305F-9122-F88D31A7C9A4}
	EndProjectSection
EndProject
Project("{8BC9CEB8-8B4A-11D0-8D11-00A0C91BC942}") = "sfml-system", "lib\sfml\src\SFML\System\sfml-system.vcxproj", "{D56508BA-3657-305F-9122-F88D31A7C9A4}"
	ProjectSection(ProjectDependencies) = postProject
		{5185789A-1634-3EB6-91AE-72D9CFA59750} = {5185789A-1634-3EB6-91AE-72D9CFA59750}
	EndProjectSection
EndProject
Project("{8BC9CEB8-8B4A-11D0-8D11-00A0C91BC942}") = "sfml-window", "lib\sfml\src\SFML\Window\sfml-window.vcxproj", "{3354A4E8-CF45-36DB-A7E2-6D6A232C1EEC}"
	ProjectSection(ProjectDependencies) = postProject
		{5185789A-1634-3EB6-91AE-72D9CFA59750} = {5185789A-1634-3EB6-91AE-72D9CFA59750}
		{D56508BA-3657-305F-9122-F88D31A7C9A4} = {D56508BA-3657-305F-9122-F88D31A7C9A4}
	EndProjectSection
EndProject
Global
	GlobalSection(SolutionConfigurationPlatforms) = preSolution
		Debug|x64 = Debug|x64
		Release|x64 = Release|x64
		MinSizeRel|x64 = MinSizeRel|x64
		RelWithDebInfo|x64 = RelWithDebInfo|x64
	EndGlobalSection
	GlobalSection(ProjectConfigurationPlatforms) = postSolution
		{C8CCBA47-89F3-334D-B4E6-691F0DEF06FD}.Debug|x64.ActiveCfg = Debug|x64
		{C8CCBA47-89F3-334D-B4E6-691F0DEF06FD}.Debug|x64.Build.0 = Debug|x64
		{C8CCBA47-89F3-334D-B4E6-691F0DEF06FD}.Release|x64.ActiveCfg = Release|x64
		{C8CCBA47-89F3-334D-B4E6-691F0DEF06FD}.Release|x64.Build.0 = Release|x64
		{C8CCBA47-89F3-334D-B4E6-691F0DEF06FD}.MinSizeRel|x64.ActiveCfg = MinSizeRel|x64
		{C8CCBA47-89F3-334D-B4E6-691F0DEF06FD}.MinSizeRel|x64.Build.0 = MinSizeRel|x64
		{C8CCBA47-89F3-334D-B4E6-691F0DEF06FD}.RelWithDebInfo|x64.ActiveCfg = RelWithDebInfo|x64
		{C8CCBA47-89F3-334D-B4E6-691F0DEF06FD}.RelWithDebInfo|x64.Build.0 = RelWithDebInfo|x64
		{6CC55BDF-710A-35CA-A1A5-2AE68C342659}.Debug|x64.ActiveCfg = Debug|x64
		{6CC55BDF-710A-35CA-A1A5-2AE68C342659}.Release|x64.ActiveCfg = Release|x64
		{6CC55BDF-710A-35CA-A1A5-2AE68C342659}.MinSizeRel|x64.ActiveCfg = MinSizeRel|x64
		{6CC55BDF-710A-35CA-A1A5-2AE68C342659}.RelWithDebInfo|x64.ActiveCfg = RelWithDebInfo|x64
		{28D6869D-EA87-3149-B20E-3F0776628473}.Debug|x64.ActiveCfg = Debug|x64
		{28D6869D-EA87-3149-B20E-3F0776628473}.Release|x64.ActiveCfg = Release|x64
		{28D6869D-EA87-3149-B20E-3F0776628473}.MinSizeRel|x64.ActiveCfg = MinSizeRel|x64
		{28D6869D-EA87-3149-B20E-3F0776628473}.RelWithDebInfo|x64.ActiveCfg = RelWithDebInfo|x64
		{0D7574AF-7EA3-3715-9AEF-0C0A9296DF58}.Debug|x64.ActiveCfg = Debug|x64
		{0D7574AF-7EA3-3715-9AEF-0C0A9296DF58}.Debug|x64.Build.0 = Debug|x64
		{0D7574AF-7EA3-3715-9AEF-0C0A9296DF58}.Release|x64.ActiveCfg = Release|x64
		{0D7574AF-7EA3-3715-9AEF-0C0A9296DF58}.Release|x64.Build.0 = Release|x64
		{0D7574AF-7EA3-3715-9AEF-0C0A9296DF58}.MinSizeRel|x64.ActiveCfg = MinSizeRel|x64
		{0D7574AF-7EA3-3715-9AEF-0C0A9296DF58}.MinSizeRel|x64.Build.0 = MinSizeRel|x64
		{0D7574AF-7EA3-3715-9AEF-0C0A9296DF58}.RelWithDebInfo|x64.ActiveCfg = RelWithDebInfo|x64
		{0D7574AF-7EA3-3715-9AEF-0C0A9296DF58}.RelWithDebInfo|x64.Build.0 = RelWithDebInfo|x64
		{5185789A-1634-3EB6-91AE-72D9CFA59750}.Debug|x64.ActiveCfg = Debug|x64
		{5185789A-1634-3EB6-91AE-72D9CFA59750}.Debug|x64.Build.0 = Debug|x64
		{5185789A-1634-3EB6-91AE-72D9CFA59750}.Release|x64.ActiveCfg = Release|x64
		{5185789A-1634-3EB6-91AE-72D9CFA59750}.Release|x64.Build.0 = Release|x64
		{5185789A-1634-3EB6-91AE-72D9CFA59750}.MinSizeRel|x64.ActiveCfg = MinSizeRel|x64
		{5185789A-1634-3EB6-91AE-72D9CFA59750}.MinSizeRel|x64.Build.0 = MinSizeRel|x64
		{5185789A-1634-3EB6-91AE-72D9CFA59750}.RelWithDebInfo|x64.ActiveCfg = RelWithDebInfo|x64
		{5185789A-1634-3EB6-91AE-72D9CFA59750}.RelWithDebInfo|x64.Build.0 = RelWithDebInfo|x64
		{4A95533F-F1A8-3160-9C83-83ABFBD29D9D}.Debug|x64.ActiveCfg = Debug|x64
		{4A95533F-F1A8-3160-9C83-83ABFBD29D9D}.Debug|x64.Build.0 = Debug|x64
		{4A95533F-F1A8-3160-9C83-83ABFBD29D9D}.Release|x64.ActiveCfg = Release|x64
		{4A95533F-F1A8-3160-9C83-83ABFBD29D9D}.Release|x64.Build.0 = Release|x64
		{4A95533F-F1A8-3160-9C83-83ABFBD29D9D}.MinSizeRel|x64.ActiveCfg = MinSizeRel|x64
		{4A95533F-F1A8-3160-9C83-83ABFBD29D9D}.MinSizeRel|x64.Build.0 = MinSizeRel|x64
		{4A95533F-F1A8-3160-9C83-83ABFBD29D9D}.RelWithDebInfo|x64.ActiveCfg = RelWithDebInfo|x64
		{4A95533F-F1A8-3160-9C83-83ABFBD29D9D}.RelWithDebInfo|x64.Build.0 = RelWithDebInfo|x64
		{3750FCC1-B1EA-3BDE-802E-90F154831071}.Debug|x64.ActiveCfg = Debug|x64
		{3750FCC1-B1EA-3BDE-802E-90F154831071}.Debug|x64.Build.0 = Debug|x64
		{3750FCC1-B1EA-3BDE-802E-90F154831071}.Release|x64.ActiveCfg = Release|x64
		{3750FCC1-B1EA-3BDE-802E-90F154831071}.Release|x64.Build.0 = Release|x64
		{3750FCC1-B1EA-3BDE-802E-90F154831071}.MinSizeRel|x64.ActiveCfg = MinSizeRel|x64
		{3750FCC1-B1EA-3BDE-802E-90F154831071}.MinSizeRel|x64.Build.0 = MinSizeRel|x64
		{3750FCC1-B1EA-3BDE-802E-90F154831071}.RelWithDebInfo|x64.ActiveCfg = RelWithDebInfo|x64
		{3750FCC1-B1EA-3BDE-802E-90F154831071}.RelWithDebInfo|x64.Build.0 = RelWithDebInfo|x64
		{E6B8BE85-C73E-3668-90B1-B28C01B2A138}.Debug|x64.ActiveCfg = Debug|x64
		{E6B8BE85-C73E-3668-90B1-B28C01B2A138}.Debug|x64.Build.0 = Debug|x64
		{E6B8BE85-C73E-3668-90B1-B28C01B2A138}.Release|x64.ActiveCfg = Release|x64
		{E6B8BE85-C73E-3668-90B1-B28C01B2A138}.Release|x64.Build.0 = Release|x64
		{E6B8BE85-C73E-3668-90B1-B28C01B2A138}.MinSizeRel|x64.ActiveCfg = MinSizeRel|x64
		{E6B8BE85-C73E-3668-90B1-B28C01B2A138}.MinSizeRel|x64.Build.0 = MinSizeRel|x64
		{E6B8BE85-C73E-3668-90B1-B28C01B2A138}.RelWithDebInfo|x64.ActiveCfg = RelWithDebInfo|x64
		{E6B8BE85-C73E-3668-90B1-B28C01B2A138}.RelWithDebInfo|x64.Build.0 = RelWithDebInfo|x64
		{ABA03E39-A25D-3F7E-BBA4-B0D060FC397B}.Debug|x64.ActiveCfg = Debug|x64
		{ABA03E39-A25D-3F7E-BBA4-B0D060FC397B}.Debug|x64.Build.0 = Debug|x64
		{ABA03E39-A25D-3F7E-BBA4-B0D060FC397B}.Release|x64.ActiveCfg = Release|x64
		{ABA03E39-A25D-3F7E-BBA4-B0D060FC397B}.Release|x64.Build.0 = Release|x64
		{ABA03E39-A25D-3F7E-BBA4-B0D060FC397B}.MinSizeRel|x64.ActiveCfg = MinSizeRel|x64
		{ABA03E39-A25D-3F7E-BBA4-B0D060FC397B}.MinSizeRel|x64.Build.0 = MinSizeRel|x64
		{ABA03E39-A25D-3F7E-BBA4-B0D060FC397B}.RelWithDebInfo|x64.ActiveCfg = RelWithDebInfo|x64
		{ABA03E39-A25D-3F7E-BBA4-B0D060FC397B}.RelWithDebInfo|x64.Build.0 = RelWithDebInfo|x64
		{D56508BA-3657-305F-9122-F88D31A7C9A4}.Debug|x64.ActiveCfg = Debug|x64
		{D56508BA-3657-305F-9122-F88D31A7C9A4}.Debug|x64.Build.0 = Debug|x64
		{D56508BA-3657-305F-9122-F88D31A7C9A4}.Release|x64.ActiveCfg = Release|x64
		{D56508BA-3657-305F-9122-F88D31A7C9A4}.Release|x64.Build.0 = Release|x64
		{D56508BA-3657-305F-9122-F88D31A7C9A4}.MinSizeRel|x64.ActiveCfg = MinSizeRel|x64
		{D56508BA-3657-305F-9122-F88D31A7C9A4}.MinSizeRel|x64.Build.0 = MinSizeRel|x64
		{D56508BA-3657-305F-9122-F88D31A7C9A4}.RelWithDebInfo|x64.ActiveCfg = RelWithDebInfo|x64
		{D56508BA-3657-305F-9122-F88D31A7C9A4}.RelWithDebInfo|x64.Build.0 = RelWithDebInfo|x64
		{3354A4E8-CF45-36DB-A7E2-6D6A232C1EEC}.Debug|x64.ActiveCfg = Debug|x64
		{3354A4E8-CF45-36DB-A7E2-6D6A232C1EEC}.Debug|x64.Build.0 = Debug|x64
		{3354A4E8-CF45-36DB-A7E2-6D6A232C1EEC}.Release|x64.ActiveCfg = Release|x64
		{3354A4E8-CF45-36DB-A7E2-6D6A232C1EEC}.Release|x64.Build.0 = Release|x64
		{3354A4E8-CF45-36DB-A7E2-6D6A232C1EEC}.MinSizeRel|x64.ActiveCfg = MinSizeRel|x64
		{3354A4E8-CF45-36DB-A7E2-6D6A232C1EEC}.MinSizeRel|x64.Build.0 = MinSizeRel|x64
		{3354A4E8-CF45-36DB-A7E2-6D6A232C1EEC}.RelWithDebInfo|x64.ActiveCfg = RelWithDebInfo|x64
		{3354A4E8-CF45-36DB-A7E2-6D6A232C1EEC}.RelWithDebInfo|x64.Build.0 = RelWithDebInfo|x64
	EndGlobalSection
	GlobalSection(NestedProjects) = preSolution
		{C8CCBA47-89F3-334D-B4E6-691F0DEF06FD} = {20BC9BFC-0624-3012-9AE7-ABDF93618CCB}
		{6CC55BDF-710A-35CA-A1A5-2AE68C342659} = {20BC9BFC-0624-3012-9AE7-ABDF93618CCB}
		{28D6869D-EA87-3149-B20E-3F0776628473} = {20BC9BFC-0624-3012-9AE7-ABDF93618CCB}
		{5185789A-1634-3EB6-91AE-72D9CFA59750} = {20BC9BFC-0624-3012-9AE7-ABDF93618CCB}
		{4A95533F-F1A8-3160-9C83-83ABFBD29D9D} = {26338C87-2CBA-3CC9-AB40-3912586ABF88}
		{3750FCC1-B1EA-3BDE-802E-90F154831071} = {26338C87-2CBA-3CC9-AB40-3912586ABF88}
		{E6B8BE85-C73E-3668-90B1-B28C01B2A138} = {26338C87-2CBA-3CC9-AB40-3912586ABF88}
		{ABA03E39-A25D-3F7E-BBA4-B0D060FC397B} = {26338C87-2CBA-3CC9-AB40-3912586ABF88}
		{D56508BA-3657-305F-9122-F88D31A7C9A4} = {26338C87-2CBA-3CC9-AB40-3912586ABF88}
		{3354A4E8-CF45-36DB-A7E2-6D6A232C1EEC} = {26338C87-2CBA-3CC9-AB40-3912586ABF88}
	EndGlobalSection
	GlobalSection(ExtensibilityGlobals) = postSolution
		SolutionGuid = {A0D1E52C-81AA-323B-9F81-DD135EB4DE9D}
	EndGlobalSection
	GlobalSection(ExtensibilityAddIns) = postSolution
	EndGlobalSection
EndGlobal
