
Microsoft Visual Studio Solution File, Format Version 12.00
# Visual Studio Version 17
Project("{2150E333-8FDC-42A3-9474-1A3956D46DE8}") = "CMake", "CMake", "{1F7202C8-996C-3029-99EF-8BA50449C0BE}"
EndProject
Project("{2150E333-8FDC-42A3-9474-1A3956D46DE8}") = "SFML", "SFML", "{9BFB0FFE-AC7E-358A-A822-E4BEB9682B44}"
EndProject
Project("{8BC9CEB8-8B4A-11D0-8D11-00A0C91BC942}") = "ALL_BUILD", "ALL_BUILD.vcxproj", "{E25B87D7-FC21-3438-B308-3E48190767F8}"
	ProjectSection(ProjectDependencies) = postProject
		{F6F880E3-0FA6-3D45-B1EB-FA18AB01A203} = {F6F880E3-0FA6-3D45-B1EB-FA18AB01A203}
		{E3B42527-B907-3AAD-82C9-63FF6E3B4685} = {E3B42527-B907-3AAD-82C9-63FF6E3B4685}
		{0F1C0B0E-4A2C-36B3-9439-799EDA2F5924} = {0F1C0B0E-4A2C-36B3-9439-799EDA2F5924}
		{AC33131C-2266-3E04-A831-4188916A2B7C} = {AC33131C-2266-3E04-A831-4188916A2B7C}
		{47A35B3B-EE30-361C-8EF4-F9EE704A0EDB} = {47A35B3B-EE30-361C-8EF4-F9EE704A0EDB}
		{177E5A0F-F79A-313D-90A0-AD5F97D53B2D} = {177E5A0F-F79A-313D-90A0-AD5F97D53B2D}
		{1735EE35-E6C3-3471-8A72-BCBFFE94E9F7} = {1735EE35-E6C3-3471-8A72-BCBFFE94E9F7}
	EndProjectSection
EndProject
Project("{8BC9CEB8-8B4A-11D0-8D11-00A0C91BC942}") = "INSTALL", "INSTALL.vcxproj", "{17EF6B6D-0A38-30E0-9B1F-4323CA84CDCA}"
	ProjectSection(ProjectDependencies) = postProject
		{E25B87D7-FC21-3438-B308-3E48190767F8} = {E25B87D7-FC21-3438-B308-3E48190767F8}
		{F6F880E3-0FA6-3D45-B1EB-FA18AB01A203} = {F6F880E3-0FA6-3D45-B1EB-FA18AB01A203}
	EndProjectSection
EndProject
Project("{8BC9CEB8-8B4A-11D0-8D11-00A0C91BC942}") = "PACKAGE", "PACKAGE.vcxproj", "{0E730592-C6BF-3D62-BEC7-48BAAC5236FC}"
	ProjectSection(ProjectDependencies) = postProject
		{E25B87D7-FC21-3438-B308-3E48190767F8} = {E25B87D7-FC21-3438-B308-3E48190767F8}
		{F6F880E3-0FA6-3D45-B1EB-FA18AB01A203} = {F6F880E3-0FA6-3D45-B1EB-FA18AB01A203}
	EndProjectSection
EndProject
Project("{8BC9CEB8-8B4A-11D0-8D11-00A0C91BC942}") = "ZERO_CHECK", "..\..\\ZERO_CHECK.vcxproj", "{F6F880E3-0FA6-3D45-B1EB-FA18AB01A203}"
	ProjectSection(ProjectDependencies) = postProject
	EndProjectSection
EndProject
Project("{8BC9CEB8-8B4A-11D0-8D11-00A0C91BC942}") = "sfml-audio", "src\SFML\Audio\sfml-audio.vcxproj", "{E3B42527-B907-3AAD-82C9-63FF6E3B4685}"
	ProjectSection(ProjectDependencies) = postProject
		{F6F880E3-0FA6-3D45-B1EB-FA18AB01A203} = {F6F880E3-0FA6-3D45-B1EB-FA18AB01A203}
		{177E5A0F-F79A-313D-90A0-AD5F97D53B2D} = {177E5A0F-F79A-313D-90A0-AD5F97D53B2D}
	EndProjectSection
EndProject
Project("{8BC9CEB8-8B4A-11D0-8D11-00A0C91BC942}") = "sfml-graphics", "src\SFML\Graphics\sfml-graphics.vcxproj", "{0F1C0B0E-4A2C-36B3-9439-799EDA2F5924}"
	ProjectSection(ProjectDependencies) = postProject
		{F6F880E3-0FA6-3D45-B1EB-FA18AB01A203} = {F6F880E3-0FA6-3D45-B1EB-FA18AB01A203}
		{177E5A0F-F79A-313D-90A0-AD5F97D53B2D} = {177E5A0F-F79A-313D-90A0-AD5F97D53B2D}
		{1735EE35-E6C3-3471-8A72-BCBFFE94E9F7} = {1735EE35-E6C3-3471-8A72-BCBFFE94E9F7}
	EndProjectSection
EndProject
Project("{8BC9CEB8-8B4A-11D0-8D11-00A0C91BC942}") = "sfml-main", "src\SFML\Main\sfml-main.vcxproj", "{AC33131C-2266-3E04-A831-4188916A2B7C}"
	ProjectSection(ProjectDependencies) = postProject
		{F6F880E3-0FA6-3D45-B1EB-FA18AB01A203} = {F6F880E3-0FA6-3D45-B1EB-FA18AB01A203}
	EndProjectSection
EndProject
Project("{8BC9CEB8-8B4A-11D0-8D11-00A0C91BC942}") = "sfml-network", "src\SFML\Network\sfml-network.vcxproj", "{47A35B3B-EE30-361C-8EF4-F9EE704A0EDB}"
	ProjectSection(ProjectDependencies) = postProject
		{F6F880E3-0FA6-3D45-B1EB-FA18AB01A203} = {F6F880E3-0FA6-3D45-B1EB-FA18AB01A203}
		{177E5A0F-F79A-313D-90A0-AD5F97D53B2D} = {177E5A0F-F79A-313D-90A0-AD5F97D53B2D}
	EndProjectSection
EndProject
Project("{8BC9CEB8-8B4A-11D0-8D11-00A0C91BC942}") = "sfml-system", "src\SFML\System\sfml-system.vcxproj", "{177E5A0F-F79A-313D-90A0-AD5F97D53B2D}"
	ProjectSection(ProjectDependencies) = postProject
		{F6F880E3-0FA6-3D45-B1EB-FA18AB01A203} = {F6F880E3-0FA6-3D45-B1EB-FA18AB01A203}
	EndProjectSection
EndProject
Project("{8BC9CEB8-8B4A-11D0-8D11-00A0C91BC942}") = "sfml-window", "src\SFML\Window\sfml-window.vcxproj", "{1735EE35-E6C3-3471-8A72-BCBFFE94E9F7}"
	ProjectSection(ProjectDependencies) = postProject
		{F6F880E3-0FA6-3D45-B1EB-FA18AB01A203} = {F6F880E3-0FA6-3D45-B1EB-FA18AB01A203}
		{177E5A0F-F79A-313D-90A0-AD5F97D53B2D} = {177E5A0F-F79A-313D-90A0-AD5F97D53B2D}
	EndProjectSection
EndProject
Global
	GlobalSection(SolutionConfigurationPlatforms) = preSolution
		Debug|x64 = Debug|x64
		Release|x64 = Release|x64
		MinSizeRel|x64 = MinSizeRel|x64
		RelWithDebInfo|x64 = RelWithDebInfo|x64
	EndGlobalSection
	GlobalSection(ProjectConfigurationPlatforms) = postSolution
		{E25B87D7-FC21-3438-B308-3E48190767F8}.Debug|x64.ActiveCfg = Debug|x64
		{E25B87D7-FC21-3438-B308-3E48190767F8}.Debug|x64.Build.0 = Debug|x64
		{E25B87D7-FC21-3438-B308-3E48190767F8}.Release|x64.ActiveCfg = Release|x64
		{E25B87D7-FC21-3438-B308-3E48190767F8}.Release|x64.Build.0 = Release|x64
		{E25B87D7-FC21-3438-B308-3E48190767F8}.MinSizeRel|x64.ActiveCfg = MinSizeRel|x64
		{E25B87D7-FC21-3438-B308-3E48190767F8}.MinSizeRel|x64.Build.0 = MinSizeRel|x64
		{E25B87D7-FC21-3438-B308-3E48190767F8}.RelWithDebInfo|x64.ActiveCfg = RelWithDebInfo|x64
		{E25B87D7-FC21-3438-B308-3E48190767F8}.RelWithDebInfo|x64.Build.0 = RelWithDebInfo|x64
		{17EF6B6D-0A38-30E0-9B1F-4323CA84CDCA}.Debug|x64.ActiveCfg = Debug|x64
		{17EF6B6D-0A38-30E0-9B1F-4323CA84CDCA}.Release|x64.ActiveCfg = Release|x64
		{17EF6B6D-0A38-30E0-9B1F-4323CA84CDCA}.MinSizeRel|x64.ActiveCfg = MinSizeRel|x64
		{17EF6B6D-0A38-30E0-9B1F-4323CA84CDCA}.RelWithDebInfo|x64.ActiveCfg = RelWithDebInfo|x64
		{0E730592-C6BF-3D62-BEC7-48BAAC5236FC}.Debug|x64.ActiveCfg = Debug|x64
		{0E730592-C6BF-3D62-BEC7-48BAAC5236FC}.Release|x64.ActiveCfg = Release|x64
		{0E730592-C6BF-3D62-BEC7-48BAAC5236FC}.MinSizeRel|x64.ActiveCfg = MinSizeRel|x64
		{0E730592-C6BF-3D62-BEC7-48BAAC5236FC}.RelWithDebInfo|x64.ActiveCfg = RelWithDebInfo|x64
		{F6F880E3-0FA6-3D45-B1EB-FA18AB01A203}.Debug|x64.ActiveCfg = Debug|x64
		{F6F880E3-0FA6-3D45-B1EB-FA18AB01A203}.Debug|x64.Build.0 = Debug|x64
		{F6F880E3-0FA6-3D45-B1EB-FA18AB01A203}.Release|x64.ActiveCfg = Release|x64
		{F6F880E3-0FA6-3D45-B1EB-FA18AB01A203}.Release|x64.Build.0 = Release|x64
		{F6F880E3-0FA6-3D45-B1EB-FA18AB01A203}.MinSizeRel|x64.ActiveCfg = MinSizeRel|x64
		{F6F880E3-0FA6-3D45-B1EB-FA18AB01A203}.MinSizeRel|x64.Build.0 = MinSizeRel|x64
		{F6F880E3-0FA6-3D45-B1EB-FA18AB01A203}.RelWithDebInfo|x64.ActiveCfg = RelWithDebInfo|x64
		{F6F880E3-0FA6-3D45-B1EB-FA18AB01A203}.RelWithDebInfo|x64.Build.0 = RelWithDebInfo|x64
		{E3B42527-B907-3AAD-82C9-63FF6E3B4685}.Debug|x64.ActiveCfg = Debug|x64
		{E3B42527-B907-3AAD-82C9-63FF6E3B4685}.Debug|x64.Build.0 = Debug|x64
		{E3B42527-B907-3AAD-82C9-63FF6E3B4685}.Release|x64.ActiveCfg = Release|x64
		{E3B42527-B907-3AAD-82C9-63FF6E3B4685}.Release|x64.Build.0 = Release|x64
		{E3B42527-B907-3AAD-82C9-63FF6E3B4685}.MinSizeRel|x64.ActiveCfg = MinSizeRel|x64
		{E3B42527-B907-3AAD-82C9-63FF6E3B4685}.MinSizeRel|x64.Build.0 = MinSizeRel|x64
		{E3B42527-B907-3AAD-82C9-63FF6E3B4685}.RelWithDebInfo|x64.ActiveCfg = RelWithDebInfo|x64
		{E3B42527-B907-3AAD-82C9-63FF6E3B4685}.RelWithDebInfo|x64.Build.0 = RelWithDebInfo|x64
		{0F1C0B0E-4A2C-36B3-9439-799EDA2F5924}.Debug|x64.ActiveCfg = Debug|x64
		{0F1C0B0E-4A2C-36B3-9439-799EDA2F5924}.Debug|x64.Build.0 = Debug|x64
		{0F1C0B0E-4A2C-36B3-9439-799EDA2F5924}.Release|x64.ActiveCfg = Release|x64
		{0F1C0B0E-4A2C-36B3-9439-799EDA2F5924}.Release|x64.Build.0 = Release|x64
		{0F1C0B0E-4A2C-36B3-9439-799EDA2F5924}.MinSizeRel|x64.ActiveCfg = MinSizeRel|x64
		{0F1C0B0E-4A2C-36B3-9439-799EDA2F5924}.MinSizeRel|x64.Build.0 = MinSizeRel|x64
		{0F1C0B0E-4A2C-36B3-9439-799EDA2F5924}.RelWithDebInfo|x64.ActiveCfg = RelWithDebInfo|x64
		{0F1C0B0E-4A2C-36B3-9439-799EDA2F5924}.RelWithDebInfo|x64.Build.0 = RelWithDebInfo|x64
		{AC33131C-2266-3E04-A831-4188916A2B7C}.Debug|x64.ActiveCfg = Debug|x64
		{AC33131C-2266-3E04-A831-4188916A2B7C}.Debug|x64.Build.0 = Debug|x64
		{AC33131C-2266-3E04-A831-4188916A2B7C}.Release|x64.ActiveCfg = Release|x64
		{AC33131C-2266-3E04-A831-4188916A2B7C}.Release|x64.Build.0 = Release|x64
		{AC33131C-2266-3E04-A831-4188916A2B7C}.MinSizeRel|x64.ActiveCfg = MinSizeRel|x64
		{AC33131C-2266-3E04-A831-4188916A2B7C}.MinSizeRel|x64.Build.0 = MinSizeRel|x64
		{AC33131C-2266-3E04-A831-4188916A2B7C}.RelWithDebInfo|x64.ActiveCfg = RelWithDebInfo|x64
		{AC33131C-2266-3E04-A831-4188916A2B7C}.RelWithDebInfo|x64.Build.0 = RelWithDebInfo|x64
		{47A35B3B-EE30-361C-8EF4-F9EE704A0EDB}.Debug|x64.ActiveCfg = Debug|x64
		{47A35B3B-EE30-361C-8EF4-F9EE704A0EDB}.Debug|x64.Build.0 = Debug|x64
		{47A35B3B-EE30-361C-8EF4-F9EE704A0EDB}.Release|x64.ActiveCfg = Release|x64
		{47A35B3B-EE30-361C-8EF4-F9EE704A0EDB}.Release|x64.Build.0 = Release|x64
		{47A35B3B-EE30-361C-8EF4-F9EE704A0EDB}.MinSizeRel|x64.ActiveCfg = MinSizeRel|x64
		{47A35B3B-EE30-361C-8EF4-F9EE704A0EDB}.MinSizeRel|x64.Build.0 = MinSizeRel|x64
		{47A35B3B-EE30-361C-8EF4-F9EE704A0EDB}.RelWithDebInfo|x64.ActiveCfg = RelWithDebInfo|x64
		{47A35B3B-EE30-361C-8EF4-F9EE704A0EDB}.RelWithDebInfo|x64.Build.0 = RelWithDebInfo|x64
		{177E5A0F-F79A-313D-90A0-AD5F97D53B2D}.Debug|x64.ActiveCfg = Debug|x64
		{177E5A0F-F79A-313D-90A0-AD5F97D53B2D}.Debug|x64.Build.0 = Debug|x64
		{177E5A0F-F79A-313D-90A0-AD5F97D53B2D}.Release|x64.ActiveCfg = Release|x64
		{177E5A0F-F79A-313D-90A0-AD5F97D53B2D}.Release|x64.Build.0 = Release|x64
		{177E5A0F-F79A-313D-90A0-AD5F97D53B2D}.MinSizeRel|x64.ActiveCfg = MinSizeRel|x64
		{177E5A0F-F79A-313D-90A0-AD5F97D53B2D}.MinSizeRel|x64.Build.0 = MinSizeRel|x64
		{177E5A0F-F79A-313D-90A0-AD5F97D53B2D}.RelWithDebInfo|x64.ActiveCfg = RelWithDebInfo|x64
		{177E5A0F-F79A-313D-90A0-AD5F97D53B2D}.RelWithDebInfo|x64.Build.0 = RelWithDebInfo|x64
		{1735EE35-E6C3-3471-8A72-BCBFFE94E9F7}.Debug|x64.ActiveCfg = Debug|x64
		{1735EE35-E6C3-3471-8A72-BCBFFE94E9F7}.Debug|x64.Build.0 = Debug|x64
		{1735EE35-E6C3-3471-8A72-BCBFFE94E9F7}.Release|x64.ActiveCfg = Release|x64
		{1735EE35-E6C3-3471-8A72-BCBFFE94E9F7}.Release|x64.Build.0 = Release|x64
		{1735EE35-E6C3-3471-8A72-BCBFFE94E9F7}.MinSizeRel|x64.ActiveCfg = MinSizeRel|x64
		{1735EE35-E6C3-3471-8A72-BCBFFE94E9F7}.MinSizeRel|x64.Build.0 = MinSizeRel|x64
		{1735EE35-E6C3-3471-8A72-BCBFFE94E9F7}.RelWithDebInfo|x64.ActiveCfg = RelWithDebInfo|x64
		{1735EE35-E6C3-3471-8A72-BCBFFE94E9F7}.RelWithDebInfo|x64.Build.0 = RelWithDebInfo|x64
	EndGlobalSection
	GlobalSection(NestedProjects) = preSolution
		{E25B87D7-FC21-3438-B308-3E48190767F8} = {1F7202C8-996C-3029-99EF-8BA50449C0BE}
		{17EF6B6D-0A38-30E0-9B1F-4323CA84CDCA} = {1F7202C8-996C-3029-99EF-8BA50449C0BE}
		{0E730592-C6BF-3D62-BEC7-48BAAC5236FC} = {1F7202C8-996C-3029-99EF-8BA50449C0BE}
		{F6F880E3-0FA6-3D45-B1EB-FA18AB01A203} = {1F7202C8-996C-3029-99EF-8BA50449C0BE}
		{E3B42527-B907-3AAD-82C9-63FF6E3B4685} = {9BFB0FFE-AC7E-358A-A822-E4BEB9682B44}
		{0F1C0B0E-4A2C-36B3-9439-799EDA2F5924} = {9BFB0FFE-AC7E-358A-A822-E4BEB9682B44}
		{AC33131C-2266-3E04-A831-4188916A2B7C} = {9BFB0FFE-AC7E-358A-A822-E4BEB9682B44}
		{47A35B3B-EE30-361C-8EF4-F9EE704A0EDB} = {9BFB0FFE-AC7E-358A-A822-E4BEB9682B44}
		{177E5A0F-F79A-313D-90A0-AD5F97D53B2D} = {9BFB0FFE-AC7E-358A-A822-E4BEB9682B44}
		{1735EE35-E6C3-3471-8A72-BCBFFE94E9F7} = {9BFB0FFE-AC7E-358A-A822-E4BEB9682B44}
	EndGlobalSection
	GlobalSection(ExtensibilityGlobals) = postSolution
		SolutionGuid = {276F4DB3-B035-3B45-8118-0A52ECF35377}
	EndGlobalSection
	GlobalSection(ExtensibilityAddIns) = postSolution
	EndGlobalSection
EndGlobal
